
Microsoft Visual Studio Solution File, Format Version 12.00
# Visual Studio Version 17
VisualStudioVersion = 17.4.33205.214
MinimumVisualStudioVersion = 10.0.40219.1
Project("{FAE04EC0-301F-11D3-BF4B-00C04F79EFBC}") = "FiapMarketPlace", "FiapMarketPlace.csproj", "{66531AD4-33E8-4214-A5BD-52574B99FF6D}"
EndProject
Global
	GlobalSection(SolutionConfigurationPlatforms) = preSolution
		Debug|Any CPU = Debug|Any CPU
		Release|Any CPU = Release|Any CPU
	EndGlobalSection
	GlobalSection(ProjectConfigurationPlatforms) = postSolution
		{66531AD4-33E8-4214-A5BD-52574B99FF6D}.Debug|Any CPU.ActiveCfg = Debug|Any CPU
		{66531AD4-33E8-4214-A5BD-52574B99FF6D}.Debug|Any CPU.Build.0 = Debug|Any CPU
		{66531AD4-33E8-4214-A5BD-52574B99FF6D}.Release|Any CPU.ActiveCfg = Release|Any CPU
		{66531AD4-33E8-4214-A5BD-52574B99FF6D}.Release|Any CPU.Build.0 = Release|Any CPU
	EndGlobalSection
	GlobalSection(SolutionProperties) = preSolution
		HideSolutionNode = FALSE
	EndGlobalSection
	GlobalSection(ExtensibilityGlobals) = postSolution
		SolutionGuid = {8FAD3042-FD8E-4F17-ACD7-934464DF9160}
	EndGlobalSection
EndGlobal
